// !$*UTF8*$!
{
	archiveVersion = 1;
	classes = {
	};
	objectVersion = 56;
	objects = {

/* Begin PBXBuildFile section */
		21D2CC212A5DE43D008FDC84 /* LoginViewController.swift in Sources */ = {isa = PBXBuildFile; fileRef = 21D2CC202A5DE43D008FDC84 /* LoginViewController.swift */; };
		21D2CC232A5DEAB1008FDC84 /* ErrorViewController.swift in Sources */ = {isa = PBXBuildFile; fileRef = 21D2CC222A5DEAB1008FDC84 /* ErrorViewController.swift */; };
		87834DDC2A4EB672000AE655 /* AppDelegate.swift in Sources */ = {isa = PBXBuildFile; fileRef = 87834DDB2A4EB672000AE655 /* AppDelegate.swift */; };
		87834DDE2A4EB672000AE655 /* SceneDelegate.swift in Sources */ = {isa = PBXBuildFile; fileRef = 87834DDD2A4EB672000AE655 /* SceneDelegate.swift */; };
		87834DE02A4EB672000AE655 /* ViewController.swift in Sources */ = {isa = PBXBuildFile; fileRef = 87834DDF2A4EB672000AE655 /* ViewController.swift */; };
		87834DE32A4EB672000AE655 /* Main.storyboard in Resources */ = {isa = PBXBuildFile; fileRef = 87834DE12A4EB672000AE655 /* Main.storyboard */; };
		87834DE52A4EB673000AE655 /* Assets.xcassets in Resources */ = {isa = PBXBuildFile; fileRef = 87834DE42A4EB673000AE655 /* Assets.xcassets */; };
		87834DE82A4EB673000AE655 /* LaunchScreen.storyboard in Resources */ = {isa = PBXBuildFile; fileRef = 87834DE62A4EB673000AE655 /* LaunchScreen.storyboard */; };
		87834DF02A4EC10D000AE655 /* ListTableViewCell.swift in Sources */ = {isa = PBXBuildFile; fileRef = 87834DEF2A4EC10D000AE655 /* ListTableViewCell.swift */; };
		87834DF22A4EC1CA000AE655 /* TableViewController.swift in Sources */ = {isa = PBXBuildFile; fileRef = 87834DF12A4EC1CA000AE655 /* TableViewController.swift */; };
/* End PBXBuildFile section */

/* Begin PBXFileReference section */
		21D2CC202A5DE43D008FDC84 /* LoginViewController.swift */ = {isa = PBXFileReference; lastKnownFileType = sourcecode.swift; path = LoginViewController.swift; sourceTree = "<group>"; };
		21D2CC222A5DEAB1008FDC84 /* ErrorViewController.swift */ = {isa = PBXFileReference; lastKnownFileType = sourcecode.swift; path = ErrorViewController.swift; sourceTree = "<group>"; };
		87834DD82A4EB672000AE655 /* LessonTwo.app */ = {isa = PBXFileReference; explicitFileType = wrapper.application; includeInIndex = 0; path = LessonTwo.app; sourceTree = BUILT_PRODUCTS_DIR; };
		87834DDB2A4EB672000AE655 /* AppDelegate.swift */ = {isa = PBXFileReference; lastKnownFileType = sourcecode.swift; path = AppDelegate.swift; sourceTree = "<group>"; };
		87834DDD2A4EB672000AE655 /* SceneDelegate.swift */ = {isa = PBXFileReference; lastKnownFileType = sourcecode.swift; path = SceneDelegate.swift; sourceTree = "<group>"; };
		87834DDF2A4EB672000AE655 /* ViewController.swift */ = {isa = PBXFileReference; lastKnownFileType = sourcecode.swift; path = ViewController.swift; sourceTree = "<group>"; };
		87834DE22A4EB672000AE655 /* Base */ = {isa = PBXFileReference; lastKnownFileType = file.storyboard; name = Base; path = Base.lproj/Main.storyboard; sourceTree = "<group>"; };
		87834DE42A4EB673000AE655 /* Assets.xcassets */ = {isa = PBXFileReference; lastKnownFileType = folder.assetcatalog; path = Assets.xcassets; sourceTree = "<group>"; };
		87834DE72A4EB673000AE655 /* Base */ = {isa = PBXFileReference; lastKnownFileType = file.storyboard; name = Base; path = Base.lproj/LaunchScreen.storyboard; sourceTree = "<group>"; };
		87834DE92A4EB673000AE655 /* Info.plist */ = {isa = PBXFileReference; lastKnownFileType = text.plist.xml; path = Info.plist; sourceTree = "<group>"; };
		87834DEF2A4EC10D000AE655 /* ListTableViewCell.swift */ = {isa = PBXFileReference; lastKnownFileType = sourcecode.swift; path = ListTableViewCell.swift; sourceTree = "<group>"; };
		87834DF12A4EC1CA000AE655 /* TableViewController.swift */ = {isa = PBXFileReference; lastKnownFileType = sourcecode.swift; path = TableViewController.swift; sourceTree = "<group>"; };
/* End PBXFileReference section */

/* Begin PBXFrameworksBuildPhase section */
		87834DD52A4EB672000AE655 /* Frameworks */ = {
			isa = PBXFrameworksBuildPhase;
			buildActionMask = 2147483647;
			files = (
			);
			runOnlyForDeploymentPostprocessing = 0;
		};
/* End PBXFrameworksBuildPhase section */

/* Begin PBXGroup section */
		87834DCF2A4EB672000AE655 = {
			isa = PBXGroup;
			children = (
				87834DDA2A4EB672000AE655 /* LessonTwo */,
				87834DD92A4EB672000AE655 /* Products */,
			);
			sourceTree = "<group>";
		};
		87834DD92A4EB672000AE655 /* Products */ = {
			isa = PBXGroup;
			children = (
				87834DD82A4EB672000AE655 /* LessonTwo.app */,
			);
			name = Products;
			sourceTree = "<group>";
		};
		87834DDA2A4EB672000AE655 /* LessonTwo */ = {
			isa = PBXGroup;
			children = (
				87834DDB2A4EB672000AE655 /* AppDelegate.swift */,
				87834DDD2A4EB672000AE655 /* SceneDelegate.swift */,
				87834DDF2A4EB672000AE655 /* ViewController.swift */,
				87834DE12A4EB672000AE655 /* Main.storyboard */,
				87834DE42A4EB673000AE655 /* Assets.xcassets */,
				87834DE62A4EB673000AE655 /* LaunchScreen.storyboard */,
				87834DE92A4EB673000AE655 /* Info.plist */,
				87834DEF2A4EC10D000AE655 /* ListTableViewCell.swift */,
				87834DF12A4EC1CA000AE655 /* TableViewController.swift */,
				21D2CC202A5DE43D008FDC84 /* LoginViewController.swift */,
				21D2CC222A5DEAB1008FDC84 /* ErrorViewController.swift */,
			);
			path = LessonTwo;
			sourceTree = "<group>";
		};
/* End PBXGroup section */

/* Begin PBXNativeTarget section */
		87834DD72A4EB672000AE655 /* LessonTwo */ = {
			isa = PBXNativeTarget;
			buildConfigurationList = 87834DEC2A4EB673000AE655 /* Build configuration list for PBXNativeTarget "LessonTwo" */;
			buildPhases = (
				87834DD42A4EB672000AE655 /* Sources */,
				87834DD52A4EB672000AE655 /* Frameworks */,
				87834DD62A4EB672000AE655 /* Resources */,
			);
			buildRules = (
			);
			dependencies = (
			);
			name = LessonTwo;
			productName = LessonTwo;
			productReference = 87834DD82A4EB672000AE655 /* LessonTwo.app */;
			productType = "com.apple.product-type.application";
		};
/* End PBXNativeTarget section */

/* Begin PBXProject section */
		87834DD02A4EB672000AE655 /* Project object */ = {
			isa = PBXProject;
			attributes = {
				BuildIndependentTargetsInParallel = 1;
				LastSwiftUpdateCheck = 1420;
				LastUpgradeCheck = 1420;
				TargetAttributes = {
					87834DD72A4EB672000AE655 = {
						CreatedOnToolsVersion = 14.2;
					};
				};
			};
			buildConfigurationList = 87834DD32A4EB672000AE655 /* Build configuration list for PBXProject "LessonTwo" */;
			compatibilityVersion = "Xcode 14.0";
			developmentRegion = en;
			hasScannedForEncodings = 0;
			knownRegions = (
				en,
				Base,
			);
			mainGroup = 87834DCF2A4EB672000AE655;
			productRefGroup = 87834DD92A4EB672000AE655 /* Products */;
			projectDirPath = "";
			projectRoot = "";
			targets = (
				87834DD72A4EB672000AE655 /* LessonTwo */,
			);
		};
/* End PBXProject section */

/* Begin PBXResourcesBuildPhase section */
		87834DD62A4EB672000AE655 /* Resources */ = {
			isa = PBXResourcesBuildPhase;
			buildActionMask = 2147483647;
			files = (
				87834DE82A4EB673000AE655 /* LaunchScreen.storyboard in Resources */,
				87834DE52A4EB673000AE655 /* Assets.xcassets in Resources */,
				87834DE32A4EB672000AE655 /* Main.storyboard in Resources */,
			);
			runOnlyForDeploymentPostprocessing = 0;
		};
/* End PBXResourcesBuildPhase section */

/* Begin PBXSourcesBuildPhase section */
		87834DD42A4EB672000AE655 /* Sources */ = {
			isa = PBXSourcesBuildPhase;
			buildActionMask = 2147483647;
			files = (
				21D2CC232A5DEAB1008FDC84 /* ErrorViewController.swift in Sources */,
				21D2CC212A5DE43D008FDC84 /* LoginViewController.swift in Sources */,
				87834DE02A4EB672000AE655 /* ViewController.swift in Sources */,
				87834DF02A4EC10D000AE655 /* ListTableViewCell.swift in Sources */,
				87834DDC2A4EB672000AE655 /* AppDelegate.swift in Sources */,
				87834DF22A4EC1CA000AE655 /* TableViewController.swift in Sources */,
				87834DDE2A4EB672000AE655 /* SceneDelegate.swift in Sources */,
			);
			runOnlyForDeploymentPostprocessing = 0;
		};
/* End PBXSourcesBuildPhase section */

/* Begin PBXVariantGroup section */
		87834DE12A4EB672000AE655 /* Main.storyboard */ = {
			isa = PBXVariantGroup;
			children = (
				87834DE22A4EB672000AE655 /* Base */,
			);
			name = Main.storyboard;
			sourceTree = "<group>";
		};
		87834DE62A4EB673000AE655 /* LaunchScreen.storyboard */ = {
			isa = PBXVariantGroup;
			children = (
				87834DE72A4EB673000AE655 /* Base */,
			);
			name = LaunchScreen.storyboard;
			sourceTree = "<group>";
		};
/* End PBXVariantGroup section */

/* Begin XCBuildConfiguration section */
		87834DEA2A4EB673000AE655 /* Debug */ = {
			isa = XCBuildConfiguration;
			buildSettings = {
				ALWAYS_SEARCH_USER_PATHS = NO;
				CLANG_ANALYZER_NONNULL = YES;
				CLANG_ANALYZER_NUMBER_OBJECT_CONVERSION = YES_AGGRESSIVE;
				CLANG_CXX_LANGUAGE_STANDARD = "gnu++20";
				CLANG_ENABLE_MODULES = YES;
				CLANG_ENABLE_OBJC_ARC = YES;
				CLANG_ENABLE_OBJC_WEAK = YES;
				CLANG_WARN_BLOCK_CAPTURE_AUTORELEASING = YES;
				CLANG_WARN_BOOL_CONVERSION = YES;
				CLANG_WARN_COMMA = YES;
				CLANG_WARN_CONSTANT_CONVERSION = YES;
				CLANG_WARN_DEPRECATED_OBJC_IMPLEMENTATIONS = YES;
				CLANG_WARN_DIRECT_OBJC_ISA_USAGE = YES_ERROR;
				CLANG_WARN_DOCUMENTATION_COMMENTS = YES;
				CLANG_WARN_EMPTY_BODY = YES;
				CLANG_WARN_ENUM_CONVERSION = YES;
				CLANG_WARN_INFINITE_RECURSION = YES;
				CLANG_WARN_INT_CONVERSION = YES;
				CLANG_WARN_NON_LITERAL_NULL_CONVERSION = YES;
				CLANG_WARN_OBJC_IMPLICIT_RETAIN_SELF = YES;
				CLANG_WARN_OBJC_LITERAL_CONVERSION = YES;
				CLANG_WARN_OBJC_ROOT_CLASS = YES_ERROR;
				CLANG_WARN_QUOTED_INCLUDE_IN_FRAMEWORK_HEADER = YES;
				CLANG_WARN_RANGE_LOOP_ANALYSIS = YES;
				CLANG_WARN_STRICT_PROTOTYPES = YES;
				CLANG_WARN_SUSPICIOUS_MOVE = YES;
				CLANG_WARN_UNGUARDED_AVAILABILITY = YES_AGGRESSIVE;
				CLANG_WARN_UNREACHABLE_CODE = YES;
				CLANG_WARN__DUPLICATE_METHOD_MATCH = YES;
				COPY_PHASE_STRIP = NO;
				DEBUG_INFORMATION_FORMAT = dwarf;
				ENABLE_STRICT_OBJC_MSGSEND = YES;
				ENABLE_TESTABILITY = YES;
				GCC_C_LANGUAGE_STANDARD = gnu11;
				GCC_DYNAMIC_NO_PIC = NO;
				GCC_NO_COMMON_BLOCKS = YES;
				GCC_OPTIMIZATION_LEVEL = 0;
				GCC_PREPROCESSOR_DEFINITIONS = (
					"DEBUG=1",
					"$(inherited)",
				);
				GCC_WARN_64_TO_32_BIT_CONVERSION = YES;
				GCC_WARN_ABOUT_RETURN_TYPE = YES_ERROR;
				GCC_WARN_UNDECLARED_SELECTOR = YES;
				GCC_WARN_UNINITIALIZED_AUTOS = YES_AGGRESSIVE;
				GCC_WARN_UNUSED_FUNCTION = YES;
				GCC_WARN_UNUSED_VARIABLE = YES;
				IPHONEOS_DEPLOYMENT_TARGET = 16.2;
				MTL_ENABLE_DEBUG_INFO = INCLUDE_SOURCE;
				MTL_FAST_MATH = YES;
				ONLY_ACTIVE_ARCH = YES;
				SDKROOT = iphoneos;
				SWIFT_ACTIVE_COMPILATION_CONDITIONS = DEBUG;
				SWIFT_OPTIMIZATION_LEVEL = "-Onone";
			};
			name = Debug;
		};
		87834DEB2A4EB673000AE655 /* Release */ = {
			isa = XCBuildConfiguration;
			buildSettings = {
				ALWAYS_SEARCH_USER_PATHS = NO;
				CLANG_ANALYZER_NONNULL = YES;
				CLANG_ANALYZER_NUMBER_OBJECT_CONVERSION = YES_AGGRESSIVE;
				CLANG_CXX_LANGUAGE_STANDARD = "gnu++20";
				CLANG_ENABLE_MODULES = YES;
				CLANG_ENABLE_OBJC_ARC = YES;
				CLANG_ENABLE_OBJC_WEAK = YES;
				CLANG_WARN_BLOCK_CAPTURE_AUTORELEASING = YES;
				CLANG_WARN_BOOL_CONVERSION = YES;
				CLANG_WARN_COMMA = YES;
				CLANG_WARN_CONSTANT_CONVERSION = YES;
				CLANG_WARN_DEPRECATED_OBJC_IMPLEMENTATIONS = YES;
				CLANG_WARN_DIRECT_OBJC_ISA_USAGE = YES_ERROR;
				CLANG_WARN_DOCUMENTATION_COMMENTS = YES;
				CLANG_WARN_EMPTY_BODY = YES;
				CLANG_WARN_ENUM_CONVERSION = YES;
				CLANG_WARN_INFINITE_RECURSION = YES;
				CLANG_WARN_INT_CONVERSION = YES;
				CLANG_WARN_NON_LITERAL_NULL_CONVERSION = YES;
				CLANG_WARN_OBJC_IMPLICIT_RETAIN_SELF = YES;
				CLANG_WARN_OBJC_LITERAL_CONVERSION = YES;
				CLANG_WARN_OBJC_ROOT_CLASS = YES_ERROR;
				CLANG_WARN_QUOTED_INCLUDE_IN_FRAMEWORK_HEADER = YES;
				CLANG_WARN_RANGE_LOOP_ANALYSIS = YES;
				CLANG_WARN_STRICT_PROTOTYPES = YES;
				CLANG_WARN_SUSPICIOUS_MOVE = YES;
				CLANG_WARN_UNGUARDED_AVAILABILITY = YES_AGGRESSIVE;
				CLANG_WARN_UNREACHABLE_CODE = YES;
				CLANG_WARN__DUPLICATE_METHOD_MATCH = YES;
				COPY_PHASE_STRIP = NO;
				DEBUG_INFORMATION_FORMAT = "dwarf-with-dsym";
				ENABLE_NS_ASSERTIONS = NO;
				ENABLE_STRICT_OBJC_MSGSEND = YES;
				GCC_C_LANGUAGE_STANDARD = gnu11;
				GCC_NO_COMMON_BLOCKS = YES;
				GCC_WARN_64_TO_32_BIT_CONVERSION = YES;
				GCC_WARN_ABOUT_RETURN_TYPE = YES_ERROR;
				GCC_WARN_UNDECLARED_SELECTOR = YES;
				GCC_WARN_UNINITIALIZED_AUTOS = YES_AGGRESSIVE;
				GCC_WARN_UNUSED_FUNCTION = YES;
				GCC_WARN_UNUSED_VARIABLE = YES;
				IPHONEOS_DEPLOYMENT_TARGET = 16.2;
				MTL_ENABLE_DEBUG_INFO = NO;
				MTL_FAST_MATH = YES;
				SDKROOT = iphoneos;
				SWIFT_COMPILATION_MODE = wholemodule;
				SWIFT_OPTIMIZATION_LEVEL = "-O";
				VALIDATE_PRODUCT = YES;
			};
			name = Release;
		};
		87834DED2A4EB673000AE655 /* Debug */ = {
			isa = XCBuildConfiguration;
			buildSettings = {
				ASSETCATALOG_COMPILER_APPICON_NAME = AppIcon;
				ASSETCATALOG_COMPILER_GLOBAL_ACCENT_COLOR_NAME = AccentColor;
				CODE_SIGN_STYLE = Automatic;
				CURRENT_PROJECT_VERSION = 1;
				GENERATE_INFOPLIST_FILE = YES;
				INFOPLIST_FILE = LessonTwo/Info.plist;
				INFOPLIST_KEY_UIApplicationSupportsIndirectInputEvents = YES;
				INFOPLIST_KEY_UILaunchStoryboardName = LaunchScreen;
				INFOPLIST_KEY_UIMainStoryboardFile = Main;
				INFOPLIST_KEY_UISupportedInterfaceOrientations = UIInterfaceOrientationPortrait;
				IPHONEOS_DEPLOYMENT_TARGET = 15.0;
				LD_RUNPATH_SEARCH_PATHS = (
					"$(inherited)",
					"@executable_path/Frameworks",
				);
				MARKETING_VERSION = 1.0;
				PRODUCT_BUNDLE_IDENTIFIER = ru.avito.LessonTwo;
				PRODUCT_NAME = "$(TARGET_NAME)";
				SWIFT_EMIT_LOC_STRINGS = YES;
				SWIFT_VERSION = 5.0;
				TARGETED_DEVICE_FAMILY = "1,2";
			};
			name = Debug;
		};
		87834DEE2A4EB673000AE655 /* Release */ = {
			isa = XCBuildConfiguration;
			buildSettings = {
				ASSETCATALOG_COMPILER_APPICON_NAME = AppIcon;
				ASSETCATALOG_COMPILER_GLOBAL_ACCENT_COLOR_NAME = AccentColor;
				CODE_SIGN_STYLE = Automatic;
				CURRENT_PROJECT_VERSION = 1;
				GENERATE_INFOPLIST_FILE = YES;
				INFOPLIST_FILE = LessonTwo/Info.plist;
				INFOPLIST_KEY_UIApplicationSupportsIndirectInputEvents = YES;
				INFOPLIST_KEY_UILaunchStoryboardName = LaunchScreen;
				INFOPLIST_KEY_UIMainStoryboardFile = Main;
				INFOPLIST_KEY_UISupportedInterfaceOrientations = UIInterfaceOrientationPortrait;
				IPHONEOS_DEPLOYMENT_TARGET = 15.0;
				LD_RUNPATH_SEARCH_PATHS = (
					"$(inherited)",
					"@executable_path/Frameworks",
				);
				MARKETING_VERSION = 1.0;
				PRODUCT_BUNDLE_IDENTIFIER = ru.avito.LessonTwo;
				PRODUCT_NAME = "$(TARGET_NAME)";
				SWIFT_EMIT_LOC_STRINGS = YES;
				SWIFT_VERSION = 5.0;
				TARGETED_DEVICE_FAMILY = "1,2";
			};
			name = Release;
		};
/* End XCBuildConfiguration section */

/* Begin XCConfigurationList section */
		87834DD32A4EB672000AE655 /* Build configuration list for PBXProject "LessonTwo" */ = {
			isa = XCConfigurationList;
			buildConfigurations = (
				87834DEA2A4EB673000AE655 /* Debug */,
				87834DEB2A4EB673000AE655 /* Release */,
			);
			defaultConfigurationIsVisible = 0;
			defaultConfigurationName = Release;
		};
		87834DEC2A4EB673000AE655 /* Build configuration list for PBXNativeTarget "LessonTwo" */ = {
			isa = XCConfigurationList;
			buildConfigurations = (
				87834DED2A4EB673000AE655 /* Debug */,
				87834DEE2A4EB673000AE655 /* Release */,
			);
			defaultConfigurationIsVisible = 0;
			defaultConfigurationName = Release;
		};
/* End XCConfigurationList section */
	};
	rootObject = 87834DD02A4EB672000AE655 /* Project object */;
}
